
Microsoft Visual Studio Solution File, Format Version 12.00
# Visual Studio Version 17
VisualStudioVersion = 17.0.31903.59
MinimumVisualStudioVersion = 10.0.40219.1
Project("{2150E333-8FDC-42A3-9474-1A3956D46DE8}") = "src", "src", "{827E0CD3-B72D-47B6-A68D-7590B98EB39B}"
EndProject
Project("{FAE04EC0-301F-11D3-BF4B-00C04F79EFBC}") = "Boys.Ledger.Domain", "src\Boys.Ledger.Domain\Boys.Ledger.Domain.csproj", "{9D4D5888-C45B-4BFA-B160-6543A26E77A7}"
EndProject
Project("{FAE04EC0-301F-11D3-BF4B-00C04F79EFBC}") = "Boys.Ledger.Api", "src\Boys.Ledger.Api\Boys.Ledger.Api.csproj", "{0024F232-4AF2-4E85-A4A8-D115510D5962}"
EndProject
Project("{FAE04EC0-301F-11D3-BF4B-00C04F79EFBC}") = "Boys.Ledger.Tests", "tests\Boys.Ledger.Tests\Boys.Ledger.Tests.csproj", "{8A123FA1-D3BD-4EE7-8305-964FCAF7279B}"
EndProject
Project("{FAE04EC0-301F-11D3-BF4B-00C04F79EFBC}") = "Boys.Ledger.Contracts", "src\Boys.Ledger.Contracts\Boys.Ledger.Contracts.csproj", "{7087CAFF-9C40-445B-BF76-5AF74ADB64CF}"
EndProject
Project("{FAE04EC0-301F-11D3-BF4B-00C04F79EFBC}") = "Boys.Ledger.Migrations", "src\Boys.Ledger.Migrations\Boys.Ledger.Migrations.csproj", "{EDB03B30-8DFA-4750-8E67-4F51F800F8CB}"
EndProject
Global
	GlobalSection(SolutionConfigurationPlatforms) = preSolution
		Debug|Any CPU = Debug|Any CPU
		Debug|x64 = Debug|x64
		Debug|x86 = Debug|x86
		Release|Any CPU = Release|Any CPU
		Release|x64 = Release|x64
		Release|x86 = Release|x86
	EndGlobalSection
	GlobalSection(ProjectConfigurationPlatforms) = postSolution
		{9D4D5888-C45B-4BFA-B160-6543A26E77A7}.Debug|Any CPU.ActiveCfg = Debug|Any CPU
		{9D4D5888-C45B-4BFA-B160-6543A26E77A7}.Debug|Any CPU.Build.0 = Debug|Any CPU
		{9D4D5888-C45B-4BFA-B160-6543A26E77A7}.Debug|x64.ActiveCfg = Debug|Any CPU
		{9D4D5888-C45B-4BFA-B160-6543A26E77A7}.Debug|x64.Build.0 = Debug|Any CPU
		{9D4D5888-C45B-4BFA-B160-6543A26E77A7}.Debug|x86.ActiveCfg = Debug|Any CPU
		{9D4D5888-C45B-4BFA-B160-6543A26E77A7}.Debug|x86.Build.0 = Debug|Any CPU
		{9D4D5888-C45B-4BFA-B160-6543A26E77A7}.Release|Any CPU.ActiveCfg = Release|Any CPU
		{9D4D5888-C45B-4BFA-B160-6543A26E77A7}.Release|Any CPU.Build.0 = Release|Any CPU
		{9D4D5888-C45B-4BFA-B160-6543A26E77A7}.Release|x64.ActiveCfg = Release|Any CPU
		{9D4D5888-C45B-4BFA-B160-6543A26E77A7}.Release|x64.Build.0 = Release|Any CPU
		{9D4D5888-C45B-4BFA-B160-6543A26E77A7}.Release|x86.ActiveCfg = Release|Any CPU
		{9D4D5888-C45B-4BFA-B160-6543A26E77A7}.Release|x86.Build.0 = Release|Any CPU
		{0024F232-4AF2-4E85-A4A8-D115510D5962}.Debug|Any CPU.ActiveCfg = Debug|Any CPU
		{0024F232-4AF2-4E85-A4A8-D115510D5962}.Debug|Any CPU.Build.0 = Debug|Any CPU
		{0024F232-4AF2-4E85-A4A8-D115510D5962}.Debug|x64.ActiveCfg = Debug|Any CPU
		{0024F232-4AF2-4E85-A4A8-D115510D5962}.Debug|x64.Build.0 = Debug|Any CPU
		{0024F232-4AF2-4E85-A4A8-D115510D5962}.Debug|x86.ActiveCfg = Debug|Any CPU
		{0024F232-4AF2-4E85-A4A8-D115510D5962}.Debug|x86.Build.0 = Debug|Any CPU
		{0024F232-4AF2-4E85-A4A8-D115510D5962}.Release|Any CPU.ActiveCfg = Release|Any CPU
		{0024F232-4AF2-4E85-A4A8-D115510D5962}.Release|Any CPU.Build.0 = Release|Any CPU
		{0024F232-4AF2-4E85-A4A8-D115510D5962}.Release|x64.ActiveCfg = Release|Any CPU
		{0024F232-4AF2-4E85-A4A8-D115510D5962}.Release|x64.Build.0 = Release|Any CPU
		{0024F232-4AF2-4E85-A4A8-D115510D5962}.Release|x86.ActiveCfg = Release|Any CPU
		{0024F232-4AF2-4E85-A4A8-D115510D5962}.Release|x86.Build.0 = Release|Any CPU
		{8A123FA1-D3BD-4EE7-8305-964FCAF7279B}.Debug|Any CPU.ActiveCfg = Debug|Any CPU
		{8A123FA1-D3BD-4EE7-8305-964FCAF7279B}.Debug|Any CPU.Build.0 = Debug|Any CPU
		{8A123FA1-D3BD-4EE7-8305-964FCAF7279B}.Debug|x64.ActiveCfg = Debug|Any CPU
		{8A123FA1-D3BD-4EE7-8305-964FCAF7279B}.Debug|x64.Build.0 = Debug|Any CPU
		{8A123FA1-D3BD-4EE7-8305-964FCAF7279B}.Debug|x86.ActiveCfg = Debug|Any CPU
		{8A123FA1-D3BD-4EE7-8305-964FCAF7279B}.Debug|x86.Build.0 = Debug|Any CPU
		{8A123FA1-D3BD-4EE7-8305-964FCAF7279B}.Release|Any CPU.ActiveCfg = Release|Any CPU
		{8A123FA1-D3BD-4EE7-8305-964FCAF7279B}.Release|Any CPU.Build.0 = Release|Any CPU
		{8A123FA1-D3BD-4EE7-8305-964FCAF7279B}.Release|x64.ActiveCfg = Release|Any CPU
		{8A123FA1-D3BD-4EE7-8305-964FCAF7279B}.Release|x64.Build.0 = Release|Any CPU
		{8A123FA1-D3BD-4EE7-8305-964FCAF7279B}.Release|x86.ActiveCfg = Release|Any CPU
		{8A123FA1-D3BD-4EE7-8305-964FCAF7279B}.Release|x86.Build.0 = Release|Any CPU
		{7087CAFF-9C40-445B-BF76-5AF74ADB64CF}.Debug|Any CPU.ActiveCfg = Debug|Any CPU
		{7087CAFF-9C40-445B-BF76-5AF74ADB64CF}.Debug|Any CPU.Build.0 = Debug|Any CPU
		{7087CAFF-9C40-445B-BF76-5AF74ADB64CF}.Debug|x64.ActiveCfg = Debug|Any CPU
		{7087CAFF-9C40-445B-BF76-5AF74ADB64CF}.Debug|x64.Build.0 = Debug|Any CPU
		{7087CAFF-9C40-445B-BF76-5AF74ADB64CF}.Debug|x86.ActiveCfg = Debug|Any CPU
		{7087CAFF-9C40-445B-BF76-5AF74ADB64CF}.Debug|x86.Build.0 = Debug|Any CPU
		{7087CAFF-9C40-445B-BF76-5AF74ADB64CF}.Release|Any CPU.ActiveCfg = Release|Any CPU
		{7087CAFF-9C40-445B-BF76-5AF74ADB64CF}.Release|Any CPU.Build.0 = Release|Any CPU
		{7087CAFF-9C40-445B-BF76-5AF74ADB64CF}.Release|x64.ActiveCfg = Release|Any CPU
		{7087CAFF-9C40-445B-BF76-5AF74ADB64CF}.Release|x64.Build.0 = Release|Any CPU
		{7087CAFF-9C40-445B-BF76-5AF74ADB64CF}.Release|x86.ActiveCfg = Release|Any CPU
		{7087CAFF-9C40-445B-BF76-5AF74ADB64CF}.Release|x86.Build.0 = Release|Any CPU
		{EDB03B30-8DFA-4750-8E67-4F51F800F8CB}.Debug|Any CPU.ActiveCfg = Debug|Any CPU
		{EDB03B30-8DFA-4750-8E67-4F51F800F8CB}.Debug|Any CPU.Build.0 = Debug|Any CPU
		{EDB03B30-8DFA-4750-8E67-4F51F800F8CB}.Debug|x64.ActiveCfg = Debug|Any CPU
		{EDB03B30-8DFA-4750-8E67-4F51F800F8CB}.Debug|x64.Build.0 = Debug|Any CPU
		{EDB03B30-8DFA-4750-8E67-4F51F800F8CB}.Debug|x86.ActiveCfg = Debug|Any CPU
		{EDB03B30-8DFA-4750-8E67-4F51F800F8CB}.Debug|x86.Build.0 = Debug|Any CPU
		{EDB03B30-8DFA-4750-8E67-4F51F800F8CB}.Release|Any CPU.ActiveCfg = Release|Any CPU
		{EDB03B30-8DFA-4750-8E67-4F51F800F8CB}.Release|Any CPU.Build.0 = Release|Any CPU
		{EDB03B30-8DFA-4750-8E67-4F51F800F8CB}.Release|x64.ActiveCfg = Release|Any CPU
		{EDB03B30-8DFA-4750-8E67-4F51F800F8CB}.Release|x64.Build.0 = Release|Any CPU
		{EDB03B30-8DFA-4750-8E67-4F51F800F8CB}.Release|x86.ActiveCfg = Release|Any CPU
		{EDB03B30-8DFA-4750-8E67-4F51F800F8CB}.Release|x86.Build.0 = Release|Any CPU
	EndGlobalSection
	GlobalSection(SolutionProperties) = preSolution
		HideSolutionNode = FALSE
	EndGlobalSection
	GlobalSection(NestedProjects) = preSolution
		{9D4D5888-C45B-4BFA-B160-6543A26E77A7} = {827E0CD3-B72D-47B6-A68D-7590B98EB39B}
		{0024F232-4AF2-4E85-A4A8-D115510D5962} = {827E0CD3-B72D-47B6-A68D-7590B98EB39B}
		{8A123FA1-D3BD-4EE7-8305-964FCAF7279B} = {827E0CD3-B72D-47B6-A68D-7590B98EB39B}
		{7087CAFF-9C40-445B-BF76-5AF74ADB64CF} = {827E0CD3-B72D-47B6-A68D-7590B98EB39B}
		{EDB03B30-8DFA-4750-8E67-4F51F800F8CB} = {827E0CD3-B72D-47B6-A68D-7590B98EB39B}
	EndGlobalSection
EndGlobal
